<?xml version="1.0" encoding="utf-8"?>
<Project ToolsVersion="4.0" xmlns="http://schemas.microsoft.com/developer/msbuild/2003">
  <ItemGroup>
    <Filter Include="Source Files">
      <UniqueIdentifier>{4FC737F1-C7A5-4376-A066-2A32D752A2FF}</UniqueIdentifier>
      <Extensions>cpp;c;cc;cxx;def;odl;idl;hpj;bat;asm;asmx</Extensions>
    </Filter>
    <Filter Include="Header Files">
      <UniqueIdentifier>{93995380-89BD-4b04-88EB-625FBE52EBFB}</UniqueIdentifier>
      <Extensions>h;hpp;hxx;hm;inl;inc;xsd</Extensions>
    </Filter>
    <Filter Include="Resource Files">
      <UniqueIdentifier>{67DA6AB6-F800-4c08-8B7A-83BB121AAD01}</UniqueIdentifier>
      <Extensions>rc;ico;cur;bmp;dlg;rc2;rct;bin;rgs;gif;jpg;jpeg;jpe;resx;tiff;tif;png;wav;mfcribbon-ms</Extensions>
    </Filter>
    <Filter Include="Source Files\proceduralgeneration">
      <UniqueIdentifier>{bcc0758f-8077-4145-8201-8153be74d060}</UniqueIdentifier>
    </Filter>
    <Filter Include="Source Files\heatvision">
      <UniqueIdentifier>{bd32e538-3926-42f5-bafb-46656de25376}</UniqueIdentifier>
    </Filter>
    <Filter Include="Source Files\utils">
      <UniqueIdentifier>{5a81702c-0696-46ff-b11e-84b794c69254}</UniqueIdentifier>
    </Filter>
  </ItemGroup>
  <ItemGroup>
    <ClCompile Include="main.cpp">
      <Filter>Source Files</Filter>
    </ClCompile>
    <ClCompile Include="game.cpp">
      <Filter>Source Files</Filter>
    </ClCompile>
    <ClCompile Include="proceduralgeneration\floorgenerator.cpp">
      <Filter>Source Files\proceduralgeneration</Filter>
    </ClCompile>
    <ClCompile Include="world.cpp">
      <Filter>Source Files</Filter>
    </ClCompile>
    <ClCompile Include="player.cpp">
      <Filter>Source Files</Filter>
    </ClCompile>
    <ClCompile Include="heatvision\heatvisionsystem.cpp">
      <Filter>Source Files\heatvision</Filter>
    </ClCompile>
  </ItemGroup>
  <ItemGroup>
    <ClInclude Include="game.h">
      <Filter>Source Files</Filter>
    </ClInclude>
    <ClInclude Include="proceduralgeneration\floorgenerator.h">
      <Filter>Source Files\proceduralgeneration</Filter>
    </ClInclude>
    <ClInclude Include="world.h">
      <Filter>Source Files</Filter>
    </ClInclude>
    <ClInclude Include="celltype.h">
      <Filter>Source Files</Filter>
    </ClInclude>
    <ClInclude Include="position.h">
      <Filter>Source Files</Filter>
    </ClInclude>
    <ClInclude Include="player.h">
      <Filter>Source Files</Filter>
    </ClInclude>
    <ClInclude Include="heatvision\heatvisionsystem.h">
      <Filter>Source Files\heatvision</Filter>
    </ClInclude>
    <ClInclude Include="utils\intersections.h">
      <Filter>Source Files\utils</Filter>
    </ClInclude>
    <ClInclude Include="utils\utils.h">
      <Filter>Source Files\utils</Filter>
    </ClInclude>
  </ItemGroup>
</Project>